
Microsoft Visual Studio Solution File, Format Version 12.00
# Visual Studio Version 17
VisualStudioVersion = 17.11.35222.181
MinimumVisualStudioVersion = 10.0.40219.1
Project("{FAE04EC0-301F-11D3-BF4B-00C04F79EFBC}") = "MyStore", "MyStore\MyStore.csproj", "{D4362843-A8EA-4ED6-8741-D804F5683295}"
EndProject
Global
	GlobalSection(SolutionConfigurationPlatforms) = preSolution
		Debug|Any CPU = Debug|Any CPU
		Release|Any CPU = Release|Any CPU
	EndGlobalSection
	GlobalSection(ProjectConfigurationPlatforms) = postSolution
		{D4362843-A8EA-4ED6-8741-D804F5683295}.Debug|Any CPU.ActiveCfg = Debug|Any CPU
		{D4362843-A8EA-4ED6-8741-D804F5683295}.Debug|Any CPU.Build.0 = Debug|Any CPU
		{D4362843-A8EA-4ED6-8741-D804F5683295}.Release|Any CPU.ActiveCfg = Release|Any CPU
		{D4362843-A8EA-4ED6-8741-D804F5683295}.Release|Any CPU.Build.0 = Release|Any CPU
	EndGlobalSection
	GlobalSection(SolutionProperties) = preSolution
		HideSolutionNode = FALSE
	EndGlobalSection
	GlobalSection(ExtensibilityGlobals) = postSolution
		SolutionGuid = {99A81EDA-4B9F-436E-8527-F471D949D112}
	EndGlobalSection
EndGlobal
